{
  "name": "vscode-jte-extension",
  "version": "0.0.8",
  "lockfileVersion": 3,
  "requires": true,
  "packages": {
    "": {
      "name": "vscode-jte-extension",
      "version": "0.0.8",
      "devDependencies": {
        "@types/node": "^16.18.0",
        "@types/vscode": "^1.96.0",
        "typescript": "^4.9.5"
      },
      "engines": {
        "vscode": "^1.96.0"
      }
    },
    "node_modules/@types/node": {
      "version": "16.18.122",
      "resolved": "https://registry.npmjs.org/@types/node/-/node-16.18.122.tgz",
      "integrity": "sha512-rF6rUBS80n4oK16EW8nE75U+9fw0SSUgoPtWSvHhPXdT7itbvmS7UjB/jyM8i3AkvI6yeSM5qCwo+xN0npGDHg==",
      "dev": true,
      "license": "MIT"
    },
    "node_modules/@types/vscode": {
      "version": "1.96.0",
      "resolved": "https://registry.npmjs.org/@types/vscode/-/vscode-1.96.0.tgz",
      "integrity": "sha512-qvZbSZo+K4ZYmmDuaodMbAa67Pl6VDQzLKFka6rq+3WUTY4Kro7Bwoi0CuZLO/wema0ygcmpwow7zZfPJTs5jg==",
      "dev": true,
      "license": "MIT"
    },
    "node_modules/typescript": {
      "version": "4.9.5",
      "resolved": "https://registry.npmjs.org/typescript/-/typescript-4.9.5.tgz",
      "integrity": "sha512-1FXk9E2Hm+QzZQ7z+McJiHL4NW1F2EzMu9Nq9i3zAaGqibafqYwCVU6WyWAuyQRRzOlxou8xZSyXLEN8oKj24g==",
      "dev": true,
      "license": "Apache-2.0",
      "bin": {
        "tsc": "bin/tsc",
        "tsserver": "bin/tsserver"
      },
      "engines": {
        "node": ">=4.2.0"
      }
    }
  }
}
